
Microsoft Visual Studio Solution File, Format Version 12.00
# Visual Studio Version 17
VisualStudioVersion = 17.8.34322.80
MinimumVisualStudioVersion = 10.0.40219.1
Project("{FAE04EC0-301F-11D3-BF4B-00C04F79EFBC}") = "ConsoleExample", "ConsoleExample\ConsoleExample.csproj", "{62465E25-8BFC-4202-A769-B0EDF78A0106}"
EndProject
Global
	GlobalSection(SolutionConfigurationPlatforms) = preSolution
		Debug|Any CPU = Debug|Any CPU
		Release|Any CPU = Release|Any CPU
	EndGlobalSection
	GlobalSection(ProjectConfigurationPlatforms) = postSolution
		{62465E25-8BFC-4202-A769-B0EDF78A0106}.Debug|Any CPU.ActiveCfg = Debug|Any CPU
		{62465E25-8BFC-4202-A769-B0EDF78A0106}.Debug|Any CPU.Build.0 = Debug|Any CPU
		{62465E25-8BFC-4202-A769-B0EDF78A0106}.Release|Any CPU.ActiveCfg = Release|Any CPU
		{62465E25-8BFC-4202-A769-B0EDF78A0106}.Release|Any CPU.Build.0 = Release|Any CPU
	EndGlobalSection
	GlobalSection(SolutionProperties) = preSolution
		HideSolutionNode = FALSE
	EndGlobalSection
	GlobalSection(ExtensibilityGlobals) = postSolution
		SolutionGuid = {6AB5E2D7-56C2-4B9A-9BB1-2F5B05F785CE}
	EndGlobalSection
EndGlobal
